
Microsoft Visual Studio Solution File, Format Version 12.00
# Visual Studio Version 16
VisualStudioVersion = 16.0.31727.386
MinimumVisualStudioVersion = 10.0.40219.1
Project("{9A19103F-16F7-4668-BE54-9A1E7A4F7556}") = "WPFApp", "WPFApp\WPFApp.csproj", "{868D3C58-E333-4EE3-9A5D-04B45F0623C2}"
EndProject
Project("{FAE04EC0-301F-11D3-BF4B-00C04F79EFBC}") = "BungieBounty", "BungieBounty\BungieBounty.csproj", "{805B2EDC-56D9-457A-AD62-C490FB623B7E}"
EndProject
Global
	GlobalSection(SolutionConfigurationPlatforms) = preSolution
		Debug|Any CPU = Debug|Any CPU
		Release|Any CPU = Release|Any CPU
	EndGlobalSection
	GlobalSection(ProjectConfigurationPlatforms) = postSolution
		{868D3C58-E333-4EE3-9A5D-04B45F0623C2}.Debug|Any CPU.ActiveCfg = Debug|Any CPU
		{868D3C58-E333-4EE3-9A5D-04B45F0623C2}.Debug|Any CPU.Build.0 = Debug|Any CPU
		{868D3C58-E333-4EE3-9A5D-04B45F0623C2}.Release|Any CPU.ActiveCfg = Release|Any CPU
		{868D3C58-E333-4EE3-9A5D-04B45F0623C2}.Release|Any CPU.Build.0 = Release|Any CPU
		{805B2EDC-56D9-457A-AD62-C490FB623B7E}.Debug|Any CPU.ActiveCfg = Debug|Any CPU
		{805B2EDC-56D9-457A-AD62-C490FB623B7E}.Debug|Any CPU.Build.0 = Debug|Any CPU
		{805B2EDC-56D9-457A-AD62-C490FB623B7E}.Release|Any CPU.ActiveCfg = Release|Any CPU
		{805B2EDC-56D9-457A-AD62-C490FB623B7E}.Release|Any CPU.Build.0 = Release|Any CPU
	EndGlobalSection
	GlobalSection(SolutionProperties) = preSolution
		HideSolutionNode = FALSE
	EndGlobalSection
	GlobalSection(ExtensibilityGlobals) = postSolution
		SolutionGuid = {F04CF9A2-51AC-4A81-A5EE-F6F00233D917}
	EndGlobalSection
EndGlobal
